
Microsoft Visual Studio Solution File, Format Version 9.00
# Visual Studio 2005
Project("{8BC9CEB8-8B4A-11D0-8D11-00A0C91BC942}") = "工资管理", "工资管理\工资管理.vcproj", "{A036303B-1D90-4059-BC59-B9EE4C2174A9}"
EndProject
Global
	GlobalSection(SolutionConfigurationPlatforms) = preSolution
		Debug|Win32 = Debug|Win32
		Release|Win32 = Release|Win32
	EndGlobalSection
	GlobalSection(ProjectConfigurationPlatforms) = postSolution
		{A036303B-1D90-4059-BC59-B9EE4C2174A9}.Debug|Win32.ActiveCfg = Debug|Win32
		{A036303B-1D90-4059-BC59-B9EE4C2174A9}.Debug|Win32.Build.0 = Debug|Win32
		{A036303B-1D90-4059-BC59-B9EE4C2174A9}.Release|Win32.ActiveCfg = Release|Win32
		{A036303B-1D90-4059-BC59-B9EE4C2174A9}.Release|Win32.Build.0 = Release|Win32
	EndGlobalSection
	GlobalSection(SolutionProperties) = preSolution
		HideSolutionNode = FALSE
	EndGlobalSection
EndGlobal
